
Microsoft Visual Studio Solution File, Format Version 12.00
# Visual Studio Version 17
VisualStudioVersion = 17.6.33829.357
MinimumVisualStudioVersion = 10.0.40219.1
Project("{9A19103F-16F7-4668-BE54-9A1E7A4F7556}") = "TemplateTrack.API", "TemplateTrack.API\TemplateTrack.API.csproj", "{00FC0260-FF11-493B-B1F5-77563F93917F}"
EndProject
Project("{9A19103F-16F7-4668-BE54-9A1E7A4F7556}") = "TemplateTrack.Core", "TemplateTrack.Core\TemplateTrack.Core.csproj", "{BB39781A-CE08-4109-A801-79F49A2E328A}"
EndProject
Project("{9A19103F-16F7-4668-BE54-9A1E7A4F7556}") = "TemplateTrack.DataAccess", "TemplateTrack.DataAccess\TemplateTrack.DataAccess.csproj", "{6EE6C7C9-C3B7-429E-8EFA-CE607CD36236}"
EndProject
Project("{FAE04EC0-301F-11D3-BF4B-00C04F79EFBC}") = "TemplateTrack.Test", "TemplateTrack.Test\TemplateTrack.Test.csproj", "{2D86D6B4-8CED-4410-AE62-F765CD2ABA31}"
EndProject
Global
	GlobalSection(SolutionConfigurationPlatforms) = preSolution
		Debug|Any CPU = Debug|Any CPU
		Release|Any CPU = Release|Any CPU
	EndGlobalSection
	GlobalSection(ProjectConfigurationPlatforms) = postSolution
		{00FC0260-FF11-493B-B1F5-77563F93917F}.Debug|Any CPU.ActiveCfg = Debug|Any CPU
		{00FC0260-FF11-493B-B1F5-77563F93917F}.Debug|Any CPU.Build.0 = Debug|Any CPU
		{00FC0260-FF11-493B-B1F5-77563F93917F}.Release|Any CPU.ActiveCfg = Release|Any CPU
		{00FC0260-FF11-493B-B1F5-77563F93917F}.Release|Any CPU.Build.0 = Release|Any CPU
		{BB39781A-CE08-4109-A801-79F49A2E328A}.Debug|Any CPU.ActiveCfg = Debug|Any CPU
		{BB39781A-CE08-4109-A801-79F49A2E328A}.Debug|Any CPU.Build.0 = Debug|Any CPU
		{BB39781A-CE08-4109-A801-79F49A2E328A}.Release|Any CPU.ActiveCfg = Release|Any CPU
		{BB39781A-CE08-4109-A801-79F49A2E328A}.Release|Any CPU.Build.0 = Release|Any CPU
		{6EE6C7C9-C3B7-429E-8EFA-CE607CD36236}.Debug|Any CPU.ActiveCfg = Debug|Any CPU
		{6EE6C7C9-C3B7-429E-8EFA-CE607CD36236}.Debug|Any CPU.Build.0 = Debug|Any CPU
		{6EE6C7C9-C3B7-429E-8EFA-CE607CD36236}.Release|Any CPU.ActiveCfg = Release|Any CPU
		{6EE6C7C9-C3B7-429E-8EFA-CE607CD36236}.Release|Any CPU.Build.0 = Release|Any CPU
		{2D86D6B4-8CED-4410-AE62-F765CD2ABA31}.Debug|Any CPU.ActiveCfg = Debug|Any CPU
		{2D86D6B4-8CED-4410-AE62-F765CD2ABA31}.Debug|Any CPU.Build.0 = Debug|Any CPU
		{2D86D6B4-8CED-4410-AE62-F765CD2ABA31}.Release|Any CPU.ActiveCfg = Release|Any CPU
		{2D86D6B4-8CED-4410-AE62-F765CD2ABA31}.Release|Any CPU.Build.0 = Release|Any CPU
	EndGlobalSection
	GlobalSection(SolutionProperties) = preSolution
		HideSolutionNode = FALSE
	EndGlobalSection
	GlobalSection(ExtensibilityGlobals) = postSolution
		SolutionGuid = {51D96D8B-FD7C-453F-80E6-0AD39F726040}
	EndGlobalSection
EndGlobal
